
Microsoft Visual Studio Solution File, Format Version 12.00
# Visual Studio 15
VisualStudioVersion = 15.0.28307.757
MinimumVisualStudioVersion = 10.0.40219.1
Project("{FAE04EC0-301F-11D3-BF4B-00C04F79EFBC}") = "eadLab5a1_Resource", "eadLab5a1_Resource\eadLab5a1_Resource.csproj", "{DD25412A-4AB6-4DB6-9509-4E8E693FAA70}"
EndProject
Project("{FAE04EC0-301F-11D3-BF4B-00C04F79EFBC}") = "eadLab5a23_Resource", "eadLab5a23_Resource\eadLab5a23_Resource.csproj", "{B1D1CDBD-5254-4E7E-A703-2D9AA9292C90}"
EndProject
Project("{FAE04EC0-301F-11D3-BF4B-00C04F79EFBC}") = "eadLab5a23_Solution", "eadLab5a23_Solution\eadLab5a23_Solution.csproj", "{54409C31-AC83-4E41-8C75-98B6F086E8AF}"
EndProject
Project("{FAE04EC0-301F-11D3-BF4B-00C04F79EFBC}") = "eadLab5b_Resource", "eadLab5b_Resource\eadLab5b_Resource.csproj", "{25A9A9C8-F54B-4D56-AAF2-301998BB64C2}"
EndProject
Project("{FAE04EC0-301F-11D3-BF4B-00C04F79EFBC}") = "eadLab5b_Solution", "eadLab5b_Solution\eadLab5b_Solution.csproj", "{B53C2731-6646-4C9D-BA9D-E7697393CE1B}"
EndProject
Global
	GlobalSection(SolutionConfigurationPlatforms) = preSolution
		Debug|Any CPU = Debug|Any CPU
		Release|Any CPU = Release|Any CPU
	EndGlobalSection
	GlobalSection(ProjectConfigurationPlatforms) = postSolution
		{DD25412A-4AB6-4DB6-9509-4E8E693FAA70}.Debug|Any CPU.ActiveCfg = Debug|Any CPU
		{DD25412A-4AB6-4DB6-9509-4E8E693FAA70}.Debug|Any CPU.Build.0 = Debug|Any CPU
		{DD25412A-4AB6-4DB6-9509-4E8E693FAA70}.Release|Any CPU.ActiveCfg = Release|Any CPU
		{DD25412A-4AB6-4DB6-9509-4E8E693FAA70}.Release|Any CPU.Build.0 = Release|Any CPU
		{B1D1CDBD-5254-4E7E-A703-2D9AA9292C90}.Debug|Any CPU.ActiveCfg = Debug|Any CPU
		{B1D1CDBD-5254-4E7E-A703-2D9AA9292C90}.Debug|Any CPU.Build.0 = Debug|Any CPU
		{B1D1CDBD-5254-4E7E-A703-2D9AA9292C90}.Release|Any CPU.ActiveCfg = Release|Any CPU
		{B1D1CDBD-5254-4E7E-A703-2D9AA9292C90}.Release|Any CPU.Build.0 = Release|Any CPU
		{54409C31-AC83-4E41-8C75-98B6F086E8AF}.Debug|Any CPU.ActiveCfg = Debug|Any CPU
		{54409C31-AC83-4E41-8C75-98B6F086E8AF}.Debug|Any CPU.Build.0 = Debug|Any CPU
		{54409C31-AC83-4E41-8C75-98B6F086E8AF}.Release|Any CPU.ActiveCfg = Release|Any CPU
		{54409C31-AC83-4E41-8C75-98B6F086E8AF}.Release|Any CPU.Build.0 = Release|Any CPU
		{25A9A9C8-F54B-4D56-AAF2-301998BB64C2}.Debug|Any CPU.ActiveCfg = Debug|Any CPU
		{25A9A9C8-F54B-4D56-AAF2-301998BB64C2}.Debug|Any CPU.Build.0 = Debug|Any CPU
		{25A9A9C8-F54B-4D56-AAF2-301998BB64C2}.Release|Any CPU.ActiveCfg = Release|Any CPU
		{25A9A9C8-F54B-4D56-AAF2-301998BB64C2}.Release|Any CPU.Build.0 = Release|Any CPU
		{B53C2731-6646-4C9D-BA9D-E7697393CE1B}.Debug|Any CPU.ActiveCfg = Debug|Any CPU
		{B53C2731-6646-4C9D-BA9D-E7697393CE1B}.Debug|Any CPU.Build.0 = Debug|Any CPU
		{B53C2731-6646-4C9D-BA9D-E7697393CE1B}.Release|Any CPU.ActiveCfg = Release|Any CPU
		{B53C2731-6646-4C9D-BA9D-E7697393CE1B}.Release|Any CPU.Build.0 = Release|Any CPU
	EndGlobalSection
	GlobalSection(SolutionProperties) = preSolution
		HideSolutionNode = FALSE
	EndGlobalSection
	GlobalSection(ExtensibilityGlobals) = postSolution
		SolutionGuid = {C3FB7E6F-9FF4-4BF5-9FA3-7F974FB15BF6}
	EndGlobalSection
EndGlobal
